
Microsoft Visual Studio Solution File, Format Version 12.00
# Visual Studio Version 17
VisualStudioVersion = 17.2.32630.192
MinimumVisualStudioVersion = 10.0.40219.1
Project("{9A19103F-16F7-4668-BE54-9A1E7A4F7556}") = "kamp2", "kamp2\kamp2.csproj", "{920B05DA-3B0C-4639-BFE5-2008EC9CAC4F}"
EndProject
Project("{9A19103F-16F7-4668-BE54-9A1E7A4F7556}") = "Metotlar", "Metotlar\Metotlar.csproj", "{3F468B30-A168-45E4-A888-89E55004FFE8}"
EndProject
Project("{9A19103F-16F7-4668-BE54-9A1E7A4F7556}") = "Matematik", "Matematik\Matematik.csproj", "{A91EB184-21BB-4013-942A-B816AAFA5B23}"
EndProject
Global
	GlobalSection(SolutionConfigurationPlatforms) = preSolution
		Debug|Any CPU = Debug|Any CPU
		Release|Any CPU = Release|Any CPU
	EndGlobalSection
	GlobalSection(ProjectConfigurationPlatforms) = postSolution
		{920B05DA-3B0C-4639-BFE5-2008EC9CAC4F}.Debug|Any CPU.ActiveCfg = Debug|Any CPU
		{920B05DA-3B0C-4639-BFE5-2008EC9CAC4F}.Debug|Any CPU.Build.0 = Debug|Any CPU
		{920B05DA-3B0C-4639-BFE5-2008EC9CAC4F}.Release|Any CPU.ActiveCfg = Release|Any CPU
		{920B05DA-3B0C-4639-BFE5-2008EC9CAC4F}.Release|Any CPU.Build.0 = Release|Any CPU
		{3F468B30-A168-45E4-A888-89E55004FFE8}.Debug|Any CPU.ActiveCfg = Debug|Any CPU
		{3F468B30-A168-45E4-A888-89E55004FFE8}.Debug|Any CPU.Build.0 = Debug|Any CPU
		{3F468B30-A168-45E4-A888-89E55004FFE8}.Release|Any CPU.ActiveCfg = Release|Any CPU
		{3F468B30-A168-45E4-A888-89E55004FFE8}.Release|Any CPU.Build.0 = Release|Any CPU
		{A91EB184-21BB-4013-942A-B816AAFA5B23}.Debug|Any CPU.ActiveCfg = Debug|Any CPU
		{A91EB184-21BB-4013-942A-B816AAFA5B23}.Debug|Any CPU.Build.0 = Debug|Any CPU
		{A91EB184-21BB-4013-942A-B816AAFA5B23}.Release|Any CPU.ActiveCfg = Release|Any CPU
		{A91EB184-21BB-4013-942A-B816AAFA5B23}.Release|Any CPU.Build.0 = Release|Any CPU
	EndGlobalSection
	GlobalSection(SolutionProperties) = preSolution
		HideSolutionNode = FALSE
	EndGlobalSection
	GlobalSection(ExtensibilityGlobals) = postSolution
		SolutionGuid = {0B3E29C4-6868-4CBA-9E6C-5ECC5AFBF969}
	EndGlobalSection
EndGlobal
